
Microsoft Visual Studio Solution File, Format Version 12.00
# Visual Studio Version 16
VisualStudioVersion = 16.0.810.22
MinimumVisualStudioVersion = 10.0.40219.1
Project("{FAE04EC0-301F-11D3-BF4B-00C04F79EFBC}") = "agenda-api", "agenda-api\agenda-api.csproj", "{D344EBC2-40FD-4024-8E0A-D94C8EC44312}"
EndProject
Global
	GlobalSection(SolutionConfigurationPlatforms) = preSolution
		Debug|Any CPU = Debug|Any CPU
		Release|Any CPU = Release|Any CPU
	EndGlobalSection
	GlobalSection(ProjectConfigurationPlatforms) = postSolution
		{D344EBC2-40FD-4024-8E0A-D94C8EC44312}.Debug|Any CPU.ActiveCfg = Debug|Any CPU
		{D344EBC2-40FD-4024-8E0A-D94C8EC44312}.Debug|Any CPU.Build.0 = Debug|Any CPU
		{D344EBC2-40FD-4024-8E0A-D94C8EC44312}.Release|Any CPU.ActiveCfg = Release|Any CPU
		{D344EBC2-40FD-4024-8E0A-D94C8EC44312}.Release|Any CPU.Build.0 = Release|Any CPU
	EndGlobalSection
	GlobalSection(SolutionProperties) = preSolution
		HideSolutionNode = FALSE
	EndGlobalSection
	GlobalSection(ExtensibilityGlobals) = postSolution
		SolutionGuid = {4F844442-CA8A-4FD0-94C5-FE60EBE77A32}
	EndGlobalSection
EndGlobal
